
Microsoft Visual Studio Solution File, Format Version 12.00
# Visual Studio Version 16
VisualStudioVersion = 16.0.30320.27
MinimumVisualStudioVersion = 10.0.40219.1
Project("{FAE04EC0-301F-11D3-BF4B-00C04F79EFBC}") = "AutoSuggestCornerRadiusSamples", "AutoSuggestCornerRadiusSamples\AutoSuggestCornerRadiusSamples.csproj", "{E9F721DD-02B2-49CB-BF12-17DC768F35F7}"
EndProject
Project("{FAE04EC0-301F-11D3-BF4B-00C04F79EFBC}") = "SQLiteSample", "SQLiteSample\SQLiteSample.csproj", "{6FF9214D-9800-4A6F-8A04-3EB679286D51}"
EndProject
Project("{9A19103F-16F7-4668-BE54-9A1E7A4F7556}") = "DataAccessLayer", "DataAccessLayer\DataAccessLayer.csproj", "{C23F7973-93CB-48D2-B261-2DEC573663F2}"
EndProject
Project("{FAE04EC0-301F-11D3-BF4B-00C04F79EFBC}") = "ExpanderSample", "ExpanderSample\ExpanderSample.csproj", "{A93EB4F2-9EC0-445F-8EC8-690372A9E985}"
EndProject
Global
	GlobalSection(SolutionConfigurationPlatforms) = preSolution
		Debug|Any CPU = Debug|Any CPU
		Debug|ARM = Debug|ARM
		Debug|ARM64 = Debug|ARM64
		Debug|x64 = Debug|x64
		Debug|x86 = Debug|x86
		Release|Any CPU = Release|Any CPU
		Release|ARM = Release|ARM
		Release|ARM64 = Release|ARM64
		Release|x64 = Release|x64
		Release|x86 = Release|x86
	EndGlobalSection
	GlobalSection(ProjectConfigurationPlatforms) = postSolution
		{E9F721DD-02B2-49CB-BF12-17DC768F35F7}.Debug|Any CPU.ActiveCfg = Debug|x86
		{E9F721DD-02B2-49CB-BF12-17DC768F35F7}.Debug|ARM.ActiveCfg = Debug|ARM
		{E9F721DD-02B2-49CB-BF12-17DC768F35F7}.Debug|ARM.Build.0 = Debug|ARM
		{E9F721DD-02B2-49CB-BF12-17DC768F35F7}.Debug|ARM.Deploy.0 = Debug|ARM
		{E9F721DD-02B2-49CB-BF12-17DC768F35F7}.Debug|ARM64.ActiveCfg = Debug|ARM64
		{E9F721DD-02B2-49CB-BF12-17DC768F35F7}.Debug|ARM64.Build.0 = Debug|ARM64
		{E9F721DD-02B2-49CB-BF12-17DC768F35F7}.Debug|ARM64.Deploy.0 = Debug|ARM64
		{E9F721DD-02B2-49CB-BF12-17DC768F35F7}.Debug|x64.ActiveCfg = Debug|x64
		{E9F721DD-02B2-49CB-BF12-17DC768F35F7}.Debug|x64.Build.0 = Debug|x64
		{E9F721DD-02B2-49CB-BF12-17DC768F35F7}.Debug|x64.Deploy.0 = Debug|x64
		{E9F721DD-02B2-49CB-BF12-17DC768F35F7}.Debug|x86.ActiveCfg = Debug|x86
		{E9F721DD-02B2-49CB-BF12-17DC768F35F7}.Debug|x86.Build.0 = Debug|x86
		{E9F721DD-02B2-49CB-BF12-17DC768F35F7}.Debug|x86.Deploy.0 = Debug|x86
		{E9F721DD-02B2-49CB-BF12-17DC768F35F7}.Release|Any CPU.ActiveCfg = Release|x86
		{E9F721DD-02B2-49CB-BF12-17DC768F35F7}.Release|ARM.ActiveCfg = Release|ARM
		{E9F721DD-02B2-49CB-BF12-17DC768F35F7}.Release|ARM.Build.0 = Release|ARM
		{E9F721DD-02B2-49CB-BF12-17DC768F35F7}.Release|ARM.Deploy.0 = Release|ARM
		{E9F721DD-02B2-49CB-BF12-17DC768F35F7}.Release|ARM64.ActiveCfg = Release|ARM64
		{E9F721DD-02B2-49CB-BF12-17DC768F35F7}.Release|ARM64.Build.0 = Release|ARM64
		{E9F721DD-02B2-49CB-BF12-17DC768F35F7}.Release|ARM64.Deploy.0 = Release|ARM64
		{E9F721DD-02B2-49CB-BF12-17DC768F35F7}.Release|x64.ActiveCfg = Release|x64
		{E9F721DD-02B2-49CB-BF12-17DC768F35F7}.Release|x64.Build.0 = Release|x64
		{E9F721DD-02B2-49CB-BF12-17DC768F35F7}.Release|x64.Deploy.0 = Release|x64
		{E9F721DD-02B2-49CB-BF12-17DC768F35F7}.Release|x86.ActiveCfg = Release|x86
		{E9F721DD-02B2-49CB-BF12-17DC768F35F7}.Release|x86.Build.0 = Release|x86
		{E9F721DD-02B2-49CB-BF12-17DC768F35F7}.Release|x86.Deploy.0 = Release|x86
		{6FF9214D-9800-4A6F-8A04-3EB679286D51}.Debug|Any CPU.ActiveCfg = Debug|x86
		{6FF9214D-9800-4A6F-8A04-3EB679286D51}.Debug|ARM.ActiveCfg = Debug|ARM
		{6FF9214D-9800-4A6F-8A04-3EB679286D51}.Debug|ARM.Build.0 = Debug|ARM
		{6FF9214D-9800-4A6F-8A04-3EB679286D51}.Debug|ARM.Deploy.0 = Debug|ARM
		{6FF9214D-9800-4A6F-8A04-3EB679286D51}.Debug|ARM64.ActiveCfg = Debug|ARM64
		{6FF9214D-9800-4A6F-8A04-3EB679286D51}.Debug|ARM64.Build.0 = Debug|ARM64
		{6FF9214D-9800-4A6F-8A04-3EB679286D51}.Debug|ARM64.Deploy.0 = Debug|ARM64
		{6FF9214D-9800-4A6F-8A04-3EB679286D51}.Debug|x64.ActiveCfg = Debug|x64
		{6FF9214D-9800-4A6F-8A04-3EB679286D51}.Debug|x64.Build.0 = Debug|x64
		{6FF9214D-9800-4A6F-8A04-3EB679286D51}.Debug|x64.Deploy.0 = Debug|x64
		{6FF9214D-9800-4A6F-8A04-3EB679286D51}.Debug|x86.ActiveCfg = Debug|x86
		{6FF9214D-9800-4A6F-8A04-3EB679286D51}.Debug|x86.Build.0 = Debug|x86
		{6FF9214D-9800-4A6F-8A04-3EB679286D51}.Debug|x86.Deploy.0 = Debug|x86
		{6FF9214D-9800-4A6F-8A04-3EB679286D51}.Release|Any CPU.ActiveCfg = Release|x86
		{6FF9214D-9800-4A6F-8A04-3EB679286D51}.Release|ARM.ActiveCfg = Release|ARM
		{6FF9214D-9800-4A6F-8A04-3EB679286D51}.Release|ARM.Build.0 = Release|ARM
		{6FF9214D-9800-4A6F-8A04-3EB679286D51}.Release|ARM.Deploy.0 = Release|ARM
		{6FF9214D-9800-4A6F-8A04-3EB679286D51}.Release|ARM64.ActiveCfg = Release|ARM64
		{6FF9214D-9800-4A6F-8A04-3EB679286D51}.Release|ARM64.Build.0 = Release|ARM64
		{6FF9214D-9800-4A6F-8A04-3EB679286D51}.Release|ARM64.Deploy.0 = Release|ARM64
		{6FF9214D-9800-4A6F-8A04-3EB679286D51}.Release|x64.ActiveCfg = Release|x64
		{6FF9214D-9800-4A6F-8A04-3EB679286D51}.Release|x64.Build.0 = Release|x64
		{6FF9214D-9800-4A6F-8A04-3EB679286D51}.Release|x64.Deploy.0 = Release|x64
		{6FF9214D-9800-4A6F-8A04-3EB679286D51}.Release|x86.ActiveCfg = Release|x86
		{6FF9214D-9800-4A6F-8A04-3EB679286D51}.Release|x86.Build.0 = Release|x86
		{6FF9214D-9800-4A6F-8A04-3EB679286D51}.Release|x86.Deploy.0 = Release|x86
		{C23F7973-93CB-48D2-B261-2DEC573663F2}.Debug|Any CPU.ActiveCfg = Debug|Any CPU
		{C23F7973-93CB-48D2-B261-2DEC573663F2}.Debug|Any CPU.Build.0 = Debug|Any CPU
		{C23F7973-93CB-48D2-B261-2DEC573663F2}.Debug|ARM.ActiveCfg = Debug|Any CPU
		{C23F7973-93CB-48D2-B261-2DEC573663F2}.Debug|ARM.Build.0 = Debug|Any CPU
		{C23F7973-93CB-48D2-B261-2DEC573663F2}.Debug|ARM64.ActiveCfg = Debug|Any CPU
		{C23F7973-93CB-48D2-B261-2DEC573663F2}.Debug|ARM64.Build.0 = Debug|Any CPU
		{C23F7973-93CB-48D2-B261-2DEC573663F2}.Debug|x64.ActiveCfg = Debug|Any CPU
		{C23F7973-93CB-48D2-B261-2DEC573663F2}.Debug|x64.Build.0 = Debug|Any CPU
		{C23F7973-93CB-48D2-B261-2DEC573663F2}.Debug|x86.ActiveCfg = Debug|Any CPU
		{C23F7973-93CB-48D2-B261-2DEC573663F2}.Debug|x86.Build.0 = Debug|Any CPU
		{C23F7973-93CB-48D2-B261-2DEC573663F2}.Release|Any CPU.ActiveCfg = Release|Any CPU
		{C23F7973-93CB-48D2-B261-2DEC573663F2}.Release|Any CPU.Build.0 = Release|Any CPU
		{C23F7973-93CB-48D2-B261-2DEC573663F2}.Release|ARM.ActiveCfg = Release|Any CPU
		{C23F7973-93CB-48D2-B261-2DEC573663F2}.Release|ARM.Build.0 = Release|Any CPU
		{C23F7973-93CB-48D2-B261-2DEC573663F2}.Release|ARM64.ActiveCfg = Release|Any CPU
		{C23F7973-93CB-48D2-B261-2DEC573663F2}.Release|ARM64.Build.0 = Release|Any CPU
		{C23F7973-93CB-48D2-B261-2DEC573663F2}.Release|x64.ActiveCfg = Release|Any CPU
		{C23F7973-93CB-48D2-B261-2DEC573663F2}.Release|x64.Build.0 = Release|Any CPU
		{C23F7973-93CB-48D2-B261-2DEC573663F2}.Release|x86.ActiveCfg = Release|Any CPU
		{C23F7973-93CB-48D2-B261-2DEC573663F2}.Release|x86.Build.0 = Release|Any CPU
		{A93EB4F2-9EC0-445F-8EC8-690372A9E985}.Debug|Any CPU.ActiveCfg = Debug|x86
		{A93EB4F2-9EC0-445F-8EC8-690372A9E985}.Debug|ARM.ActiveCfg = Debug|ARM
		{A93EB4F2-9EC0-445F-8EC8-690372A9E985}.Debug|ARM.Build.0 = Debug|ARM
		{A93EB4F2-9EC0-445F-8EC8-690372A9E985}.Debug|ARM.Deploy.0 = Debug|ARM
		{A93EB4F2-9EC0-445F-8EC8-690372A9E985}.Debug|ARM64.ActiveCfg = Debug|ARM64
		{A93EB4F2-9EC0-445F-8EC8-690372A9E985}.Debug|ARM64.Build.0 = Debug|ARM64
		{A93EB4F2-9EC0-445F-8EC8-690372A9E985}.Debug|ARM64.Deploy.0 = Debug|ARM64
		{A93EB4F2-9EC0-445F-8EC8-690372A9E985}.Debug|x64.ActiveCfg = Debug|x64
		{A93EB4F2-9EC0-445F-8EC8-690372A9E985}.Debug|x64.Build.0 = Debug|x64
		{A93EB4F2-9EC0-445F-8EC8-690372A9E985}.Debug|x64.Deploy.0 = Debug|x64
		{A93EB4F2-9EC0-445F-8EC8-690372A9E985}.Debug|x86.ActiveCfg = Debug|x86
		{A93EB4F2-9EC0-445F-8EC8-690372A9E985}.Debug|x86.Build.0 = Debug|x86
		{A93EB4F2-9EC0-445F-8EC8-690372A9E985}.Debug|x86.Deploy.0 = Debug|x86
		{A93EB4F2-9EC0-445F-8EC8-690372A9E985}.Release|Any CPU.ActiveCfg = Release|x86
		{A93EB4F2-9EC0-445F-8EC8-690372A9E985}.Release|ARM.ActiveCfg = Release|ARM
		{A93EB4F2-9EC0-445F-8EC8-690372A9E985}.Release|ARM.Build.0 = Release|ARM
		{A93EB4F2-9EC0-445F-8EC8-690372A9E985}.Release|ARM.Deploy.0 = Release|ARM
		{A93EB4F2-9EC0-445F-8EC8-690372A9E985}.Release|ARM64.ActiveCfg = Release|ARM64
		{A93EB4F2-9EC0-445F-8EC8-690372A9E985}.Release|ARM64.Build.0 = Release|ARM64
		{A93EB4F2-9EC0-445F-8EC8-690372A9E985}.Release|ARM64.Deploy.0 = Release|ARM64
		{A93EB4F2-9EC0-445F-8EC8-690372A9E985}.Release|x64.ActiveCfg = Release|x64
		{A93EB4F2-9EC0-445F-8EC8-690372A9E985}.Release|x64.Build.0 = Release|x64
		{A93EB4F2-9EC0-445F-8EC8-690372A9E985}.Release|x64.Deploy.0 = Release|x64
		{A93EB4F2-9EC0-445F-8EC8-690372A9E985}.Release|x86.ActiveCfg = Release|x86
		{A93EB4F2-9EC0-445F-8EC8-690372A9E985}.Release|x86.Build.0 = Release|x86
		{A93EB4F2-9EC0-445F-8EC8-690372A9E985}.Release|x86.Deploy.0 = Release|x86
	EndGlobalSection
	GlobalSection(SolutionProperties) = preSolution
		HideSolutionNode = FALSE
	EndGlobalSection
	GlobalSection(ExtensibilityGlobals) = postSolution
		SolutionGuid = {654F4782-E74E-46E4-AA3E-76A3A11CFC8A}
	EndGlobalSection
EndGlobal
